
Microsoft Visual Studio Solution File, Format Version 12.00
Project("{FAE04EC0-301F-11D3-BF4B-00C04F79EFBC}") = "Lab_10", "Lab_10\Lab_10.csproj", "{1C9D9018-528B-4DE2-8AE0-C3DEA1AB0784}"
EndProject
Global
	GlobalSection(SolutionConfigurationPlatforms) = preSolution
		Debug|Any CPU = Debug|Any CPU
		Release|Any CPU = Release|Any CPU
	EndGlobalSection
	GlobalSection(ProjectConfigurationPlatforms) = postSolution
		{1C9D9018-528B-4DE2-8AE0-C3DEA1AB0784}.Debug|Any CPU.ActiveCfg = Debug|Any CPU
		{1C9D9018-528B-4DE2-8AE0-C3DEA1AB0784}.Debug|Any CPU.Build.0 = Debug|Any CPU
		{1C9D9018-528B-4DE2-8AE0-C3DEA1AB0784}.Release|Any CPU.ActiveCfg = Release|Any CPU
		{1C9D9018-528B-4DE2-8AE0-C3DEA1AB0784}.Release|Any CPU.Build.0 = Release|Any CPU
	EndGlobalSection
EndGlobal
